<Solution>
  <Project Path="SingularityGroup.HotReload.Editor.csproj" />
  <Project Path="VHierarchy.csproj" />
  <Project Path="Assembly-CSharp-firstpass.csproj" />
  <Project Path="Assembly-CSharp.csproj" />
  <Project Path="SingularityGroup.HotReload.Runtime.csproj" />
  <Project Path="VFolders.csproj" />
  <Project Path="SingularityGroup.HotReload.Runtime.Public.csproj" />
  <Project Path="Assembly-CSharp-Editor.csproj" />
  <Project Path="Wingman.csproj" />
  <Project Path="VoxelLabs.UltimatePreview.Lib.csproj" />
  <Project Path="Assembly-CSharp-Editor-firstpass.csproj" />
  <Project Path="PrimeTween.Installer.csproj" />
</Solution>
